
Microsoft Visual Studio Solution File, Format Version 12.00
# Visual Studio Version 17
VisualStudioVersion = 17.6.33829.357
MinimumVisualStudioVersion = 10.0.40219.1
Project("{9A19103F-16F7-4668-BE54-9A1E7A4F7556}") = "3.LifeLine.BL", "LifeLine.BL\3.LifeLine.BL.csproj", "{8CB33DBD-EB84-47D2-98B7-0D3C199989D5}"
EndProject
Project("{9A19103F-16F7-4668-BE54-9A1E7A4F7556}") = "4.LifeLine.DAL", "LifeLine.DAL\4.LifeLine.DAL.csproj", "{D5D5B58D-AF7F-47E8-B109-64FDC7D66D18}"
EndProject
Project("{9A19103F-16F7-4668-BE54-9A1E7A4F7556}") = "2.LifeLine.Web", "LifeLine.Web\2.LifeLine.Web.csproj", "{883AD0D1-A761-4A6F-8E6F-A782DD4EFF1D}"
EndProject
Project("{54A90642-561A-4BB1-A94E-469ADEE60C69}") = "1.LifeLine.UI", "LifeLine.UI\1.LifeLine.UI.esproj", "{6470F77B-AA67-4A8B-9F8D-E66D757DCA65}"
EndProject
Global
	GlobalSection(SolutionConfigurationPlatforms) = preSolution
		Debug|Any CPU = Debug|Any CPU
		Release|Any CPU = Release|Any CPU
	EndGlobalSection
	GlobalSection(ProjectConfigurationPlatforms) = postSolution
		{8CB33DBD-EB84-47D2-98B7-0D3C199989D5}.Debug|Any CPU.ActiveCfg = Debug|Any CPU
		{8CB33DBD-EB84-47D2-98B7-0D3C199989D5}.Debug|Any CPU.Build.0 = Debug|Any CPU
		{8CB33DBD-EB84-47D2-98B7-0D3C199989D5}.Release|Any CPU.ActiveCfg = Release|Any CPU
		{8CB33DBD-EB84-47D2-98B7-0D3C199989D5}.Release|Any CPU.Build.0 = Release|Any CPU
		{D5D5B58D-AF7F-47E8-B109-64FDC7D66D18}.Debug|Any CPU.ActiveCfg = Debug|Any CPU
		{D5D5B58D-AF7F-47E8-B109-64FDC7D66D18}.Debug|Any CPU.Build.0 = Debug|Any CPU
		{D5D5B58D-AF7F-47E8-B109-64FDC7D66D18}.Release|Any CPU.ActiveCfg = Release|Any CPU
		{D5D5B58D-AF7F-47E8-B109-64FDC7D66D18}.Release|Any CPU.Build.0 = Release|Any CPU
		{883AD0D1-A761-4A6F-8E6F-A782DD4EFF1D}.Debug|Any CPU.ActiveCfg = Debug|Any CPU
		{883AD0D1-A761-4A6F-8E6F-A782DD4EFF1D}.Debug|Any CPU.Build.0 = Debug|Any CPU
		{883AD0D1-A761-4A6F-8E6F-A782DD4EFF1D}.Release|Any CPU.ActiveCfg = Release|Any CPU
		{883AD0D1-A761-4A6F-8E6F-A782DD4EFF1D}.Release|Any CPU.Build.0 = Release|Any CPU
		{6470F77B-AA67-4A8B-9F8D-E66D757DCA65}.Debug|Any CPU.ActiveCfg = Debug|Any CPU
		{6470F77B-AA67-4A8B-9F8D-E66D757DCA65}.Debug|Any CPU.Build.0 = Debug|Any CPU
		{6470F77B-AA67-4A8B-9F8D-E66D757DCA65}.Debug|Any CPU.Deploy.0 = Debug|Any CPU
		{6470F77B-AA67-4A8B-9F8D-E66D757DCA65}.Release|Any CPU.ActiveCfg = Release|Any CPU
		{6470F77B-AA67-4A8B-9F8D-E66D757DCA65}.Release|Any CPU.Build.0 = Release|Any CPU
		{6470F77B-AA67-4A8B-9F8D-E66D757DCA65}.Release|Any CPU.Deploy.0 = Release|Any CPU
	EndGlobalSection
	GlobalSection(SolutionProperties) = preSolution
		HideSolutionNode = FALSE
	EndGlobalSection
	GlobalSection(ExtensibilityGlobals) = postSolution
		SolutionGuid = {4C6FA373-164D-4E2E-A904-CEA559713173}
	EndGlobalSection
EndGlobal
